// !$*UTF8*$!
{
	archiveVersion = 1;
	classes = {
	};
	objectVersion = 56;
	objects = {

/* Begin PBXBuildFile section */
		DA82F5672C5A101D0090F159 /* AppDelegate.swift in Sources */ = {isa = PBXBuildFile; fileRef = DA82F5662C5A101D0090F159 /* AppDelegate.swift */; };
		DA82F5692C5A101D0090F159 /* SceneDelegate.swift in Sources */ = {isa = PBXBuildFile; fileRef = DA82F5682C5A101D0090F159 /* SceneDelegate.swift */; };
		DA82F5712C5A101D0090F159 /* iconfinder.xcdatamodeld in Sources */ = {isa = PBXBuildFile; fileRef = DA82F56F2C5A101D0090F159 /* iconfinder.xcdatamodeld */; };
		DA82F5732C5A101E0090F159 /* Assets.xcassets in Resources */ = {isa = PBXBuildFile; fileRef = DA82F5722C5A101E0090F159 /* Assets.xcassets */; };
		DA82F5762C5A101E0090F159 /* Base in Resources */ = {isa = PBXBuildFile; fileRef = DA82F5752C5A101E0090F159 /* Base */; };
		DA82F5812C5A101F0090F159 /* MainPresenterTests.swift in Sources */ = {isa = PBXBuildFile; fileRef = DA82F5802C5A101F0090F159 /* MainPresenterTests.swift */; };
		DA82F58B2C5A101F0090F159 /* iconfinderUITests.swift in Sources */ = {isa = PBXBuildFile; fileRef = DA82F58A2C5A101F0090F159 /* iconfinderUITests.swift */; };
		DA82F5BA2C5CB2070090F159 /* IconSearchService.swift in Sources */ = {isa = PBXBuildFile; fileRef = DA82F5B92C5CB2070090F159 /* IconSearchService.swift */; };
		DA82F5BC2C5CB2320090F159 /* IconModel.swift in Sources */ = {isa = PBXBuildFile; fileRef = DA82F5BB2C5CB2320090F159 /* IconModel.swift */; };
		DA82F5BE2C5CB2520090F159 /* IconCacheManager.swift in Sources */ = {isa = PBXBuildFile; fileRef = DA82F5BD2C5CB2520090F159 /* IconCacheManager.swift */; };
		DA82F5C12C5CB2950090F159 /* GalleryManager.swift in Sources */ = {isa = PBXBuildFile; fileRef = DA82F5C02C5CB2950090F159 /* GalleryManager.swift */; };
		DA82F5C32C5CB2A60090F159 /* AlertAccessViewController.swift in Sources */ = {isa = PBXBuildFile; fileRef = DA82F5C22C5CB2A60090F159 /* AlertAccessViewController.swift */; };
		DA82F5C52C5CB2B80090F159 /* AlertSaveSuccessViewController.swift in Sources */ = {isa = PBXBuildFile; fileRef = DA82F5C42C5CB2B80090F159 /* AlertSaveSuccessViewController.swift */; };
		DA82F5C82C5CB2FE0090F159 /* MainView.swift in Sources */ = {isa = PBXBuildFile; fileRef = DA82F5C72C5CB2FE0090F159 /* MainView.swift */; };
		DA82F5CA2C5CB3090090F159 /* MainPresenterProtocol.swift in Sources */ = {isa = PBXBuildFile; fileRef = DA82F5C92C5CB3090090F159 /* MainPresenterProtocol.swift */; };
		DA82F5CE2C5CB3FD0090F159 /* SearchViewController.swift in Sources */ = {isa = PBXBuildFile; fileRef = DA82F5CD2C5CB3FD0090F159 /* SearchViewController.swift */; };
		DA82F5DA2C608DAD0090F159 /* Builder.swift in Sources */ = {isa = PBXBuildFile; fileRef = DA82F5D92C608DAD0090F159 /* Builder.swift */; };
		DA82F5DC2C608E220090F159 /* ImageLoaderManager.swift in Sources */ = {isa = PBXBuildFile; fileRef = DA82F5DB2C608E220090F159 /* ImageLoaderManager.swift */; };
		DA82F5E42C608EFB0090F159 /* DataStoreService.swift in Sources */ = {isa = PBXBuildFile; fileRef = DA82F5E32C608EFB0090F159 /* DataStoreService.swift */; };
		DA82F5E72C608FD20090F159 /* SecondView.swift in Sources */ = {isa = PBXBuildFile; fileRef = DA82F5E62C608FD20090F159 /* SecondView.swift */; };
		DA82F5E92C608FE80090F159 /* SecondViewController.swift in Sources */ = {isa = PBXBuildFile; fileRef = DA82F5E82C608FE80090F159 /* SecondViewController.swift */; };
		DA82F5EB2C60900D0090F159 /* SecondPresenter.swift in Sources */ = {isa = PBXBuildFile; fileRef = DA82F5EA2C60900D0090F159 /* SecondPresenter.swift */; };
		DA82F5ED2C60908E0090F159 /* SecondPresenterTests.swift in Sources */ = {isa = PBXBuildFile; fileRef = DA82F5EC2C60908E0090F159 /* SecondPresenterTests.swift */; };
		DA82F5EF2C6091120090F159 /* ImageTableViewCell.swift in Sources */ = {isa = PBXBuildFile; fileRef = DA82F5EE2C6091120090F159 /* ImageTableViewCell.swift */; };
/* End PBXBuildFile section */

/* Begin PBXContainerItemProxy section */
		DA82F57D2C5A101F0090F159 /* PBXContainerItemProxy */ = {
			isa = PBXContainerItemProxy;
			containerPortal = DA82F55B2C5A101C0090F159 /* Project object */;
			proxyType = 1;
			remoteGlobalIDString = DA82F5622C5A101D0090F159;
			remoteInfo = iconfinder;
		};
		DA82F5872C5A101F0090F159 /* PBXContainerItemProxy */ = {
			isa = PBXContainerItemProxy;
			containerPortal = DA82F55B2C5A101C0090F159 /* Project object */;
			proxyType = 1;
			remoteGlobalIDString = DA82F5622C5A101D0090F159;
			remoteInfo = iconfinder;
		};
/* End PBXContainerItemProxy section */

/* Begin PBXFileReference section */
		DA82F5632C5A101D0090F159 /* iconfinder.app */ = {isa = PBXFileReference; explicitFileType = wrapper.application; includeInIndex = 0; path = iconfinder.app; sourceTree = BUILT_PRODUCTS_DIR; };
		DA82F5662C5A101D0090F159 /* AppDelegate.swift */ = {isa = PBXFileReference; lastKnownFileType = sourcecode.swift; path = AppDelegate.swift; sourceTree = "<group>"; };
		DA82F5682C5A101D0090F159 /* SceneDelegate.swift */ = {isa = PBXFileReference; lastKnownFileType = sourcecode.swift; path = SceneDelegate.swift; sourceTree = "<group>"; };
		DA82F5702C5A101D0090F159 /* iconfinder.xcdatamodel */ = {isa = PBXFileReference; lastKnownFileType = wrapper.xcdatamodel; path = iconfinder.xcdatamodel; sourceTree = "<group>"; };
		DA82F5722C5A101E0090F159 /* Assets.xcassets */ = {isa = PBXFileReference; lastKnownFileType = folder.assetcatalog; path = Assets.xcassets; sourceTree = "<group>"; };
		DA82F5752C5A101E0090F159 /* Base */ = {isa = PBXFileReference; lastKnownFileType = file.storyboard; name = Base; path = Base.lproj/LaunchScreen.storyboard; sourceTree = "<group>"; };
		DA82F5772C5A101E0090F159 /* Info.plist */ = {isa = PBXFileReference; lastKnownFileType = text.plist.xml; path = Info.plist; sourceTree = "<group>"; };
		DA82F57C2C5A101F0090F159 /* iconfinderTests.xctest */ = {isa = PBXFileReference; explicitFileType = wrapper.cfbundle; includeInIndex = 0; path = iconfinderTests.xctest; sourceTree = BUILT_PRODUCTS_DIR; };
		DA82F5802C5A101F0090F159 /* MainPresenterTests.swift */ = {isa = PBXFileReference; lastKnownFileType = sourcecode.swift; path = MainPresenterTests.swift; sourceTree = "<group>"; };
		DA82F5862C5A101F0090F159 /* iconfinderUITests.xctest */ = {isa = PBXFileReference; explicitFileType = wrapper.cfbundle; includeInIndex = 0; path = iconfinderUITests.xctest; sourceTree = BUILT_PRODUCTS_DIR; };
		DA82F58A2C5A101F0090F159 /* iconfinderUITests.swift */ = {isa = PBXFileReference; lastKnownFileType = sourcecode.swift; path = iconfinderUITests.swift; sourceTree = "<group>"; };
		DA82F5B92C5CB2070090F159 /* IconSearchService.swift */ = {isa = PBXFileReference; lastKnownFileType = sourcecode.swift; path = IconSearchService.swift; sourceTree = "<group>"; };
		DA82F5BB2C5CB2320090F159 /* IconModel.swift */ = {isa = PBXFileReference; lastKnownFileType = sourcecode.swift; path = IconModel.swift; sourceTree = "<group>"; };
		DA82F5BD2C5CB2520090F159 /* IconCacheManager.swift */ = {isa = PBXFileReference; lastKnownFileType = sourcecode.swift; path = IconCacheManager.swift; sourceTree = "<group>"; };
		DA82F5C02C5CB2950090F159 /* GalleryManager.swift */ = {isa = PBXFileReference; lastKnownFileType = sourcecode.swift; path = GalleryManager.swift; sourceTree = "<group>"; };
		DA82F5C22C5CB2A60090F159 /* AlertAccessViewController.swift */ = {isa = PBXFileReference; lastKnownFileType = sourcecode.swift; path = AlertAccessViewController.swift; sourceTree = "<group>"; };
		DA82F5C42C5CB2B80090F159 /* AlertSaveSuccessViewController.swift */ = {isa = PBXFileReference; lastKnownFileType = sourcecode.swift; path = AlertSaveSuccessViewController.swift; sourceTree = "<group>"; };
		DA82F5C72C5CB2FE0090F159 /* MainView.swift */ = {isa = PBXFileReference; lastKnownFileType = sourcecode.swift; path = MainView.swift; sourceTree = "<group>"; };
		DA82F5C92C5CB3090090F159 /* MainPresenterProtocol.swift */ = {isa = PBXFileReference; lastKnownFileType = sourcecode.swift; path = MainPresenterProtocol.swift; sourceTree = "<group>"; };
		DA82F5CD2C5CB3FD0090F159 /* SearchViewController.swift */ = {isa = PBXFileReference; lastKnownFileType = sourcecode.swift; path = SearchViewController.swift; sourceTree = "<group>"; };
		DA82F5D92C608DAD0090F159 /* Builder.swift */ = {isa = PBXFileReference; lastKnownFileType = sourcecode.swift; path = Builder.swift; sourceTree = "<group>"; };
		DA82F5DB2C608E220090F159 /* ImageLoaderManager.swift */ = {isa = PBXFileReference; lastKnownFileType = sourcecode.swift; path = ImageLoaderManager.swift; sourceTree = "<group>"; };
		DA82F5E32C608EFB0090F159 /* DataStoreService.swift */ = {isa = PBXFileReference; lastKnownFileType = sourcecode.swift; path = DataStoreService.swift; sourceTree = "<group>"; };
		DA82F5E62C608FD20090F159 /* SecondView.swift */ = {isa = PBXFileReference; lastKnownFileType = sourcecode.swift; path = SecondView.swift; sourceTree = "<group>"; };
		DA82F5E82C608FE80090F159 /* SecondViewController.swift */ = {isa = PBXFileReference; lastKnownFileType = sourcecode.swift; path = SecondViewController.swift; sourceTree = "<group>"; };
		DA82F5EA2C60900D0090F159 /* SecondPresenter.swift */ = {isa = PBXFileReference; lastKnownFileType = sourcecode.swift; path = SecondPresenter.swift; sourceTree = "<group>"; };
		DA82F5EC2C60908E0090F159 /* SecondPresenterTests.swift */ = {isa = PBXFileReference; lastKnownFileType = sourcecode.swift; path = SecondPresenterTests.swift; sourceTree = "<group>"; };
		DA82F5EE2C6091120090F159 /* ImageTableViewCell.swift */ = {isa = PBXFileReference; lastKnownFileType = sourcecode.swift; path = ImageTableViewCell.swift; sourceTree = "<group>"; };
/* End PBXFileReference section */

/* Begin PBXFrameworksBuildPhase section */
		DA82F5602C5A101D0090F159 /* Frameworks */ = {
			isa = PBXFrameworksBuildPhase;
			buildActionMask = 2147483647;
			files = (
			);
			runOnlyForDeploymentPostprocessing = 0;
		};
		DA82F5792C5A101F0090F159 /* Frameworks */ = {
			isa = PBXFrameworksBuildPhase;
			buildActionMask = 2147483647;
			files = (
			);
			runOnlyForDeploymentPostprocessing = 0;
		};
		DA82F5832C5A101F0090F159 /* Frameworks */ = {
			isa = PBXFrameworksBuildPhase;
			buildActionMask = 2147483647;
			files = (
			);
			runOnlyForDeploymentPostprocessing = 0;
		};
/* End PBXFrameworksBuildPhase section */

/* Begin PBXGroup section */
		DA82F55A2C5A101C0090F159 = {
			isa = PBXGroup;
			children = (
				DA82F5652C5A101D0090F159 /* iconfinder */,
				DA82F57F2C5A101F0090F159 /* iconfinderTests */,
				DA82F5892C5A101F0090F159 /* iconfinderUITests */,
				DA82F5642C5A101D0090F159 /* Products */,
			);
			sourceTree = "<group>";
		};
		DA82F5642C5A101D0090F159 /* Products */ = {
			isa = PBXGroup;
			children = (
				DA82F5632C5A101D0090F159 /* iconfinder.app */,
				DA82F57C2C5A101F0090F159 /* iconfinderTests.xctest */,
				DA82F5862C5A101F0090F159 /* iconfinderUITests.xctest */,
			);
			name = Products;
			sourceTree = "<group>";
		};
		DA82F5652C5A101D0090F159 /* iconfinder */ = {
			isa = PBXGroup;
			children = (
				DA82F5662C5A101D0090F159 /* AppDelegate.swift */,
				DA82F5682C5A101D0090F159 /* SceneDelegate.swift */,
				DA82F5D92C608DAD0090F159 /* Builder.swift */,
				DA82F5E32C608EFB0090F159 /* DataStoreService.swift */,
				DA82F5EE2C6091120090F159 /* ImageTableViewCell.swift */,
				DA82F5DE2C608E5E0090F159 /* NetworkLayer */,
				DA82F5BF2C5CB2750090F159 /* GaleryManager */,
				DA82F5DD2C608E340090F159 /* Icon */,
				DA82F5C62C5CB2E10090F159 /* MainModule */,
				DA82F5E52C608FAF0090F159 /* SecondModule */,
				DA82F5722C5A101E0090F159 /* Assets.xcassets */,
				DA82F5742C5A101E0090F159 /* LaunchScreen.storyboard */,
				DA82F5772C5A101E0090F159 /* Info.plist */,
				DA82F56F2C5A101D0090F159 /* iconfinder.xcdatamodeld */,
			);
			path = iconfinder;
			sourceTree = "<group>";
		};
		DA82F57F2C5A101F0090F159 /* iconfinderTests */ = {
			isa = PBXGroup;
			children = (
				DA82F5802C5A101F0090F159 /* MainPresenterTests.swift */,
				DA82F5EC2C60908E0090F159 /* SecondPresenterTests.swift */,
			);
			path = iconfinderTests;
			sourceTree = "<group>";
		};
		DA82F5892C5A101F0090F159 /* iconfinderUITests */ = {
			isa = PBXGroup;
			children = (
				DA82F58A2C5A101F0090F159 /* iconfinderUITests.swift */,
			);
			path = iconfinderUITests;
			sourceTree = "<group>";
		};
		DA82F5BF2C5CB2750090F159 /* GaleryManager */ = {
			isa = PBXGroup;
			children = (
				DA82F5C02C5CB2950090F159 /* GalleryManager.swift */,
				DA82F5C22C5CB2A60090F159 /* AlertAccessViewController.swift */,
				DA82F5C42C5CB2B80090F159 /* AlertSaveSuccessViewController.swift */,
			);
			path = GaleryManager;
			sourceTree = "<group>";
		};
		DA82F5C62C5CB2E10090F159 /* MainModule */ = {
			isa = PBXGroup;
			children = (
				DA82F5C72C5CB2FE0090F159 /* MainView.swift */,
				DA82F5CD2C5CB3FD0090F159 /* SearchViewController.swift */,
				DA82F5C92C5CB3090090F159 /* MainPresenterProtocol.swift */,
			);
			path = MainModule;
			sourceTree = "<group>";
		};
		DA82F5DD2C608E340090F159 /* Icon */ = {
			isa = PBXGroup;
			children = (
				DA82F5BB2C5CB2320090F159 /* IconModel.swift */,
			);
			path = Icon;
			sourceTree = "<group>";
		};
		DA82F5DE2C608E5E0090F159 /* NetworkLayer */ = {
			isa = PBXGroup;
			children = (
				DA82F5B92C5CB2070090F159 /* IconSearchService.swift */,
				DA82F5BD2C5CB2520090F159 /* IconCacheManager.swift */,
				DA82F5DB2C608E220090F159 /* ImageLoaderManager.swift */,
			);
			path = NetworkLayer;
			sourceTree = "<group>";
		};
		DA82F5E52C608FAF0090F159 /* SecondModule */ = {
			isa = PBXGroup;
			children = (
				DA82F5E62C608FD20090F159 /* SecondView.swift */,
				DA82F5E82C608FE80090F159 /* SecondViewController.swift */,
				DA82F5EA2C60900D0090F159 /* SecondPresenter.swift */,
			);
			path = SecondModule;
			sourceTree = "<group>";
		};
/* End PBXGroup section */

/* Begin PBXNativeTarget section */
		DA82F5622C5A101D0090F159 /* iconfinder */ = {
			isa = PBXNativeTarget;
			buildConfigurationList = DA82F5902C5A101F0090F159 /* Build configuration list for PBXNativeTarget "iconfinder" */;
			buildPhases = (
				DA82F55F2C5A101D0090F159 /* Sources */,
				DA82F5602C5A101D0090F159 /* Frameworks */,
				DA82F5612C5A101D0090F159 /* Resources */,
			);
			buildRules = (
			);
			dependencies = (
			);
			name = iconfinder;
			productName = iconfinder;
			productReference = DA82F5632C5A101D0090F159 /* iconfinder.app */;
			productType = "com.apple.product-type.application";
		};
		DA82F57B2C5A101F0090F159 /* iconfinderTests */ = {
			isa = PBXNativeTarget;
			buildConfigurationList = DA82F5932C5A101F0090F159 /* Build configuration list for PBXNativeTarget "iconfinderTests" */;
			buildPhases = (
				DA82F5782C5A101F0090F159 /* Sources */,
				DA82F5792C5A101F0090F159 /* Frameworks */,
				DA82F57A2C5A101F0090F159 /* Resources */,
			);
			buildRules = (
			);
			dependencies = (
				DA82F57E2C5A101F0090F159 /* PBXTargetDependency */,
			);
			name = iconfinderTests;
			productName = iconfinderTests;
			productReference = DA82F57C2C5A101F0090F159 /* iconfinderTests.xctest */;
			productType = "com.apple.product-type.bundle.unit-test";
		};
		DA82F5852C5A101F0090F159 /* iconfinderUITests */ = {
			isa = PBXNativeTarget;
			buildConfigurationList = DA82F5962C5A101F0090F159 /* Build configuration list for PBXNativeTarget "iconfinderUITests" */;
			buildPhases = (
				DA82F5822C5A101F0090F159 /* Sources */,
				DA82F5832C5A101F0090F159 /* Frameworks */,
				DA82F5842C5A101F0090F159 /* Resources */,
			);
			buildRules = (
			);
			dependencies = (
				DA82F5882C5A101F0090F159 /* PBXTargetDependency */,
			);
			name = iconfinderUITests;
			productName = iconfinderUITests;
			productReference = DA82F5862C5A101F0090F159 /* iconfinderUITests.xctest */;
			productType = "com.apple.product-type.bundle.ui-testing";
		};
/* End PBXNativeTarget section */

/* Begin PBXProject section */
		DA82F55B2C5A101C0090F159 /* Project object */ = {
			isa = PBXProject;
			attributes = {
				BuildIndependentTargetsInParallel = 1;
				LastSwiftUpdateCheck = 1530;
				LastUpgradeCheck = 1530;
				TargetAttributes = {
					DA82F5622C5A101D0090F159 = {
						CreatedOnToolsVersion = 15.3;
					};
					DA82F57B2C5A101F0090F159 = {
						CreatedOnToolsVersion = 15.3;
						TestTargetID = DA82F5622C5A101D0090F159;
					};
					DA82F5852C5A101F0090F159 = {
						CreatedOnToolsVersion = 15.3;
						TestTargetID = DA82F5622C5A101D0090F159;
					};
				};
			};
			buildConfigurationList = DA82F55E2C5A101D0090F159 /* Build configuration list for PBXProject "iconfinder" */;
			compatibilityVersion = "Xcode 14.0";
			developmentRegion = en;
			hasScannedForEncodings = 0;
			knownRegions = (
				en,
				Base,
			);
			mainGroup = DA82F55A2C5A101C0090F159;
			productRefGroup = DA82F5642C5A101D0090F159 /* Products */;
			projectDirPath = "";
			projectRoot = "";
			targets = (
				DA82F5622C5A101D0090F159 /* iconfinder */,
				DA82F57B2C5A101F0090F159 /* iconfinderTests */,
				DA82F5852C5A101F0090F159 /* iconfinderUITests */,
			);
		};
/* End PBXProject section */

/* Begin PBXResourcesBuildPhase section */
		DA82F5612C5A101D0090F159 /* Resources */ = {
			isa = PBXResourcesBuildPhase;
			buildActionMask = 2147483647;
			files = (
				DA82F5732C5A101E0090F159 /* Assets.xcassets in Resources */,
				DA82F5762C5A101E0090F159 /* Base in Resources */,
			);
			runOnlyForDeploymentPostprocessing = 0;
		};
		DA82F57A2C5A101F0090F159 /* Resources */ = {
			isa = PBXResourcesBuildPhase;
			buildActionMask = 2147483647;
			files = (
			);
			runOnlyForDeploymentPostprocessing = 0;
		};
		DA82F5842C5A101F0090F159 /* Resources */ = {
			isa = PBXResourcesBuildPhase;
			buildActionMask = 2147483647;
			files = (
			);
			runOnlyForDeploymentPostprocessing = 0;
		};
/* End PBXResourcesBuildPhase section */

/* Begin PBXSourcesBuildPhase section */
		DA82F55F2C5A101D0090F159 /* Sources */ = {
			isa = PBXSourcesBuildPhase;
			buildActionMask = 2147483647;
			files = (
				DA82F5BA2C5CB2070090F159 /* IconSearchService.swift in Sources */,
				DA82F5E92C608FE80090F159 /* SecondViewController.swift in Sources */,
				DA82F5712C5A101D0090F159 /* iconfinder.xcdatamodeld in Sources */,
				DA82F5E72C608FD20090F159 /* SecondView.swift in Sources */,
				DA82F5CA2C5CB3090090F159 /* MainPresenterProtocol.swift in Sources */,
				DA82F5C12C5CB2950090F159 /* GalleryManager.swift in Sources */,
				DA82F5BC2C5CB2320090F159 /* IconModel.swift in Sources */,
				DA82F5E42C608EFB0090F159 /* DataStoreService.swift in Sources */,
				DA82F5EB2C60900D0090F159 /* SecondPresenter.swift in Sources */,
				DA82F5BE2C5CB2520090F159 /* IconCacheManager.swift in Sources */,
				DA82F5672C5A101D0090F159 /* AppDelegate.swift in Sources */,
				DA82F5DA2C608DAD0090F159 /* Builder.swift in Sources */,
				DA82F5DC2C608E220090F159 /* ImageLoaderManager.swift in Sources */,
				DA82F5CE2C5CB3FD0090F159 /* SearchViewController.swift in Sources */,
				DA82F5C32C5CB2A60090F159 /* AlertAccessViewController.swift in Sources */,
				DA82F5C52C5CB2B80090F159 /* AlertSaveSuccessViewController.swift in Sources */,
				DA82F5692C5A101D0090F159 /* SceneDelegate.swift in Sources */,
				DA82F5C82C5CB2FE0090F159 /* MainView.swift in Sources */,
				DA82F5EF2C6091120090F159 /* ImageTableViewCell.swift in Sources */,
			);
			runOnlyForDeploymentPostprocessing = 0;
		};
		DA82F5782C5A101F0090F159 /* Sources */ = {
			isa = PBXSourcesBuildPhase;
			buildActionMask = 2147483647;
			files = (
				DA82F5812C5A101F0090F159 /* MainPresenterTests.swift in Sources */,
				DA82F5ED2C60908E0090F159 /* SecondPresenterTests.swift in Sources */,
			);
			runOnlyForDeploymentPostprocessing = 0;
		};
		DA82F5822C5A101F0090F159 /* Sources */ = {
			isa = PBXSourcesBuildPhase;
			buildActionMask = 2147483647;
			files = (
				DA82F58B2C5A101F0090F159 /* iconfinderUITests.swift in Sources */,
			);
			runOnlyForDeploymentPostprocessing = 0;
		};
/* End PBXSourcesBuildPhase section */

/* Begin PBXTargetDependency section */
		DA82F57E2C5A101F0090F159 /* PBXTargetDependency */ = {
			isa = PBXTargetDependency;
			target = DA82F5622C5A101D0090F159 /* iconfinder */;
			targetProxy = DA82F57D2C5A101F0090F159 /* PBXContainerItemProxy */;
		};
		DA82F5882C5A101F0090F159 /* PBXTargetDependency */ = {
			isa = PBXTargetDependency;
			target = DA82F5622C5A101D0090F159 /* iconfinder */;
			targetProxy = DA82F5872C5A101F0090F159 /* PBXContainerItemProxy */;
		};
/* End PBXTargetDependency section */

/* Begin PBXVariantGroup section */
		DA82F5742C5A101E0090F159 /* LaunchScreen.storyboard */ = {
			isa = PBXVariantGroup;
			children = (
				DA82F5752C5A101E0090F159 /* Base */,
			);
			name = LaunchScreen.storyboard;
			sourceTree = "<group>";
		};
/* End PBXVariantGroup section */

/* Begin XCBuildConfiguration section */
		DA82F58E2C5A101F0090F159 /* Debug */ = {
			isa = XCBuildConfiguration;
			buildSettings = {
				ALWAYS_SEARCH_USER_PATHS = NO;
				ASSETCATALOG_COMPILER_GENERATE_SWIFT_ASSET_SYMBOL_EXTENSIONS = YES;
				CLANG_ANALYZER_NONNULL = YES;
				CLANG_ANALYZER_NUMBER_OBJECT_CONVERSION = YES_AGGRESSIVE;
				CLANG_CXX_LANGUAGE_STANDARD = "gnu++20";
				CLANG_ENABLE_MODULES = YES;
				CLANG_ENABLE_OBJC_ARC = YES;
				CLANG_ENABLE_OBJC_WEAK = YES;
				CLANG_WARN_BLOCK_CAPTURE_AUTORELEASING = YES;
				CLANG_WARN_BOOL_CONVERSION = YES;
				CLANG_WARN_COMMA = YES;
				CLANG_WARN_CONSTANT_CONVERSION = YES;
				CLANG_WARN_DEPRECATED_OBJC_IMPLEMENTATIONS = YES;
				CLANG_WARN_DIRECT_OBJC_ISA_USAGE = YES_ERROR;
				CLANG_WARN_DOCUMENTATION_COMMENTS = YES;
				CLANG_WARN_EMPTY_BODY = YES;
				CLANG_WARN_ENUM_CONVERSION = YES;
				CLANG_WARN_INFINITE_RECURSION = YES;
				CLANG_WARN_INT_CONVERSION = YES;
				CLANG_WARN_NON_LITERAL_NULL_CONVERSION = YES;
				CLANG_WARN_OBJC_IMPLICIT_RETAIN_SELF = YES;
				CLANG_WARN_OBJC_LITERAL_CONVERSION = YES;
				CLANG_WARN_OBJC_ROOT_CLASS = YES_ERROR;
				CLANG_WARN_QUOTED_INCLUDE_IN_FRAMEWORK_HEADER = YES;
				CLANG_WARN_RANGE_LOOP_ANALYSIS = YES;
				CLANG_WARN_STRICT_PROTOTYPES = YES;
				CLANG_WARN_SUSPICIOUS_MOVE = YES;
				CLANG_WARN_UNGUARDED_AVAILABILITY = YES_AGGRESSIVE;
				CLANG_WARN_UNREACHABLE_CODE = YES;
				CLANG_WARN__DUPLICATE_METHOD_MATCH = YES;
				COPY_PHASE_STRIP = NO;
				DEBUG_INFORMATION_FORMAT = dwarf;
				ENABLE_STRICT_OBJC_MSGSEND = YES;
				ENABLE_TESTABILITY = YES;
				ENABLE_USER_SCRIPT_SANDBOXING = YES;
				GCC_C_LANGUAGE_STANDARD = gnu17;
				GCC_DYNAMIC_NO_PIC = NO;
				GCC_NO_COMMON_BLOCKS = YES;
				GCC_OPTIMIZATION_LEVEL = 0;
				GCC_PREPROCESSOR_DEFINITIONS = (
					"DEBUG=1",
					"$(inherited)",
				);
				GCC_WARN_64_TO_32_BIT_CONVERSION = YES;
				GCC_WARN_ABOUT_RETURN_TYPE = YES_ERROR;
				GCC_WARN_UNDECLARED_SELECTOR = YES;
				GCC_WARN_UNINITIALIZED_AUTOS = YES_AGGRESSIVE;
				GCC_WARN_UNUSED_FUNCTION = YES;
				GCC_WARN_UNUSED_VARIABLE = YES;
				IPHONEOS_DEPLOYMENT_TARGET = 14.0;
				LOCALIZATION_PREFERS_STRING_CATALOGS = YES;
				MTL_ENABLE_DEBUG_INFO = INCLUDE_SOURCE;
				MTL_FAST_MATH = YES;
				ONLY_ACTIVE_ARCH = YES;
				SDKROOT = iphoneos;
				SWIFT_ACTIVE_COMPILATION_CONDITIONS = "DEBUG $(inherited)";
				SWIFT_OPTIMIZATION_LEVEL = "-Onone";
			};
			name = Debug;
		};
		DA82F58F2C5A101F0090F159 /* Release */ = {
			isa = XCBuildConfiguration;
			buildSettings = {
				ALWAYS_SEARCH_USER_PATHS = NO;
				ASSETCATALOG_COMPILER_GENERATE_SWIFT_ASSET_SYMBOL_EXTENSIONS = YES;
				CLANG_ANALYZER_NONNULL = YES;
				CLANG_ANALYZER_NUMBER_OBJECT_CONVERSION = YES_AGGRESSIVE;
				CLANG_CXX_LANGUAGE_STANDARD = "gnu++20";
				CLANG_ENABLE_MODULES = YES;
				CLANG_ENABLE_OBJC_ARC = YES;
				CLANG_ENABLE_OBJC_WEAK = YES;
				CLANG_WARN_BLOCK_CAPTURE_AUTORELEASING = YES;
				CLANG_WARN_BOOL_CONVERSION = YES;
				CLANG_WARN_COMMA = YES;
				CLANG_WARN_CONSTANT_CONVERSION = YES;
				CLANG_WARN_DEPRECATED_OBJC_IMPLEMENTATIONS = YES;
				CLANG_WARN_DIRECT_OBJC_ISA_USAGE = YES_ERROR;
				CLANG_WARN_DOCUMENTATION_COMMENTS = YES;
				CLANG_WARN_EMPTY_BODY = YES;
				CLANG_WARN_ENUM_CONVERSION = YES;
				CLANG_WARN_INFINITE_RECURSION = YES;
				CLANG_WARN_INT_CONVERSION = YES;
				CLANG_WARN_NON_LITERAL_NULL_CONVERSION = YES;
				CLANG_WARN_OBJC_IMPLICIT_RETAIN_SELF = YES;
				CLANG_WARN_OBJC_LITERAL_CONVERSION = YES;
				CLANG_WARN_OBJC_ROOT_CLASS = YES_ERROR;
				CLANG_WARN_QUOTED_INCLUDE_IN_FRAMEWORK_HEADER = YES;
				CLANG_WARN_RANGE_LOOP_ANALYSIS = YES;
				CLANG_WARN_STRICT_PROTOTYPES = YES;
				CLANG_WARN_SUSPICIOUS_MOVE = YES;
				CLANG_WARN_UNGUARDED_AVAILABILITY = YES_AGGRESSIVE;
				CLANG_WARN_UNREACHABLE_CODE = YES;
				CLANG_WARN__DUPLICATE_METHOD_MATCH = YES;
				COPY_PHASE_STRIP = NO;
				DEBUG_INFORMATION_FORMAT = "dwarf-with-dsym";
				ENABLE_NS_ASSERTIONS = NO;
				ENABLE_STRICT_OBJC_MSGSEND = YES;
				ENABLE_USER_SCRIPT_SANDBOXING = YES;
				GCC_C_LANGUAGE_STANDARD = gnu17;
				GCC_NO_COMMON_BLOCKS = YES;
				GCC_WARN_64_TO_32_BIT_CONVERSION = YES;
				GCC_WARN_ABOUT_RETURN_TYPE = YES_ERROR;
				GCC_WARN_UNDECLARED_SELECTOR = YES;
				GCC_WARN_UNINITIALIZED_AUTOS = YES_AGGRESSIVE;
				GCC_WARN_UNUSED_FUNCTION = YES;
				GCC_WARN_UNUSED_VARIABLE = YES;
				IPHONEOS_DEPLOYMENT_TARGET = 14.0;
				LOCALIZATION_PREFERS_STRING_CATALOGS = YES;
				MTL_ENABLE_DEBUG_INFO = NO;
				MTL_FAST_MATH = YES;
				SDKROOT = iphoneos;
				SWIFT_COMPILATION_MODE = wholemodule;
				VALIDATE_PRODUCT = YES;
			};
			name = Release;
		};
		DA82F5912C5A101F0090F159 /* Debug */ = {
			isa = XCBuildConfiguration;
			buildSettings = {
				ASSETCATALOG_COMPILER_APPICON_NAME = AppIcon;
				ASSETCATALOG_COMPILER_GLOBAL_ACCENT_COLOR_NAME = AccentColor;
				CODE_SIGN_STYLE = Automatic;
				CURRENT_PROJECT_VERSION = 1;
				GENERATE_INFOPLIST_FILE = YES;
				INFOPLIST_FILE = iconfinder/Info.plist;
				INFOPLIST_KEY_UIApplicationSupportsIndirectInputEvents = YES;
				INFOPLIST_KEY_UILaunchStoryboardName = LaunchScreen;
				INFOPLIST_KEY_UISupportedInterfaceOrientations_iPad = "UIInterfaceOrientationPortrait UIInterfaceOrientationPortraitUpsideDown UIInterfaceOrientationLandscapeLeft UIInterfaceOrientationLandscapeRight";
				INFOPLIST_KEY_UISupportedInterfaceOrientations_iPhone = "UIInterfaceOrientationPortrait UIInterfaceOrientationLandscapeLeft UIInterfaceOrientationLandscapeRight";
				LD_RUNPATH_SEARCH_PATHS = (
					"$(inherited)",
					"@executable_path/Frameworks",
				);
				MARKETING_VERSION = 1.0;
				PRODUCT_BUNDLE_IDENTIFIER = "-1.iconfinder";
				PRODUCT_NAME = "$(TARGET_NAME)";
				SWIFT_EMIT_LOC_STRINGS = YES;
				SWIFT_VERSION = 5.0;
				TARGETED_DEVICE_FAMILY = "1,2";
			};
			name = Debug;
		};
		DA82F5922C5A101F0090F159 /* Release */ = {
			isa = XCBuildConfiguration;
			buildSettings = {
				ASSETCATALOG_COMPILER_APPICON_NAME = AppIcon;
				ASSETCATALOG_COMPILER_GLOBAL_ACCENT_COLOR_NAME = AccentColor;
				CODE_SIGN_STYLE = Automatic;
				CURRENT_PROJECT_VERSION = 1;
				GENERATE_INFOPLIST_FILE = YES;
				INFOPLIST_FILE = iconfinder/Info.plist;
				INFOPLIST_KEY_UIApplicationSupportsIndirectInputEvents = YES;
				INFOPLIST_KEY_UILaunchStoryboardName = LaunchScreen;
				INFOPLIST_KEY_UISupportedInterfaceOrientations_iPad = "UIInterfaceOrientationPortrait UIInterfaceOrientationPortraitUpsideDown UIInterfaceOrientationLandscapeLeft UIInterfaceOrientationLandscapeRight";
				INFOPLIST_KEY_UISupportedInterfaceOrientations_iPhone = "UIInterfaceOrientationPortrait UIInterfaceOrientationLandscapeLeft UIInterfaceOrientationLandscapeRight";
				LD_RUNPATH_SEARCH_PATHS = (
					"$(inherited)",
					"@executable_path/Frameworks",
				);
				MARKETING_VERSION = 1.0;
				PRODUCT_BUNDLE_IDENTIFIER = "-1.iconfinder";
				PRODUCT_NAME = "$(TARGET_NAME)";
				SWIFT_EMIT_LOC_STRINGS = YES;
				SWIFT_VERSION = 5.0;
				TARGETED_DEVICE_FAMILY = "1,2";
			};
			name = Release;
		};
		DA82F5942C5A101F0090F159 /* Debug */ = {
			isa = XCBuildConfiguration;
			buildSettings = {
				ALWAYS_EMBED_SWIFT_STANDARD_LIBRARIES = YES;
				BUNDLE_LOADER = "$(TEST_HOST)";
				CODE_SIGN_STYLE = Automatic;
				CURRENT_PROJECT_VERSION = 1;
				GENERATE_INFOPLIST_FILE = YES;
				IPHONEOS_DEPLOYMENT_TARGET = 17.4;
				MARKETING_VERSION = 1.0;
				PRODUCT_BUNDLE_IDENTIFIER = "-1.iconfinderTests";
				PRODUCT_NAME = "$(TARGET_NAME)";
				SWIFT_EMIT_LOC_STRINGS = NO;
				SWIFT_VERSION = 5.0;
				TARGETED_DEVICE_FAMILY = "1,2";
				TEST_HOST = "$(BUILT_PRODUCTS_DIR)/iconfinder.app/$(BUNDLE_EXECUTABLE_FOLDER_PATH)/iconfinder";
			};
			name = Debug;
		};
		DA82F5952C5A101F0090F159 /* Release */ = {
			isa = XCBuildConfiguration;
			buildSettings = {
				ALWAYS_EMBED_SWIFT_STANDARD_LIBRARIES = YES;
				BUNDLE_LOADER = "$(TEST_HOST)";
				CODE_SIGN_STYLE = Automatic;
				CURRENT_PROJECT_VERSION = 1;
				GENERATE_INFOPLIST_FILE = YES;
				IPHONEOS_DEPLOYMENT_TARGET = 17.4;
				MARKETING_VERSION = 1.0;
				PRODUCT_BUNDLE_IDENTIFIER = "-1.iconfinderTests";
				PRODUCT_NAME = "$(TARGET_NAME)";
				SWIFT_EMIT_LOC_STRINGS = NO;
				SWIFT_VERSION = 5.0;
				TARGETED_DEVICE_FAMILY = "1,2";
				TEST_HOST = "$(BUILT_PRODUCTS_DIR)/iconfinder.app/$(BUNDLE_EXECUTABLE_FOLDER_PATH)/iconfinder";
			};
			name = Release;
		};
		DA82F5972C5A101F0090F159 /* Debug */ = {
			isa = XCBuildConfiguration;
			buildSettings = {
				ALWAYS_EMBED_SWIFT_STANDARD_LIBRARIES = YES;
				CODE_SIGN_STYLE = Automatic;
				CURRENT_PROJECT_VERSION = 1;
				GENERATE_INFOPLIST_FILE = YES;
				MARKETING_VERSION = 1.0;
				PRODUCT_BUNDLE_IDENTIFIER = "-1.iconfinderUITests";
				PRODUCT_NAME = "$(TARGET_NAME)";
				SWIFT_EMIT_LOC_STRINGS = NO;
				SWIFT_VERSION = 5.0;
				TARGETED_DEVICE_FAMILY = "1,2";
				TEST_TARGET_NAME = iconfinder;
			};
			name = Debug;
		};
		DA82F5982C5A101F0090F159 /* Release */ = {
			isa = XCBuildConfiguration;
			buildSettings = {
				ALWAYS_EMBED_SWIFT_STANDARD_LIBRARIES = YES;
				CODE_SIGN_STYLE = Automatic;
				CURRENT_PROJECT_VERSION = 1;
				GENERATE_INFOPLIST_FILE = YES;
				MARKETING_VERSION = 1.0;
				PRODUCT_BUNDLE_IDENTIFIER = "-1.iconfinderUITests";
				PRODUCT_NAME = "$(TARGET_NAME)";
				SWIFT_EMIT_LOC_STRINGS = NO;
				SWIFT_VERSION = 5.0;
				TARGETED_DEVICE_FAMILY = "1,2";
				TEST_TARGET_NAME = iconfinder;
			};
			name = Release;
		};
/* End XCBuildConfiguration section */

/* Begin XCConfigurationList section */
		DA82F55E2C5A101D0090F159 /* Build configuration list for PBXProject "iconfinder" */ = {
			isa = XCConfigurationList;
			buildConfigurations = (
				DA82F58E2C5A101F0090F159 /* Debug */,
				DA82F58F2C5A101F0090F159 /* Release */,
			);
			defaultConfigurationIsVisible = 0;
			defaultConfigurationName = Release;
		};
		DA82F5902C5A101F0090F159 /* Build configuration list for PBXNativeTarget "iconfinder" */ = {
			isa = XCConfigurationList;
			buildConfigurations = (
				DA82F5912C5A101F0090F159 /* Debug */,
				DA82F5922C5A101F0090F159 /* Release */,
			);
			defaultConfigurationIsVisible = 0;
			defaultConfigurationName = Release;
		};
		DA82F5932C5A101F0090F159 /* Build configuration list for PBXNativeTarget "iconfinderTests" */ = {
			isa = XCConfigurationList;
			buildConfigurations = (
				DA82F5942C5A101F0090F159 /* Debug */,
				DA82F5952C5A101F0090F159 /* Release */,
			);
			defaultConfigurationIsVisible = 0;
			defaultConfigurationName = Release;
		};
		DA82F5962C5A101F0090F159 /* Build configuration list for PBXNativeTarget "iconfinderUITests" */ = {
			isa = XCConfigurationList;
			buildConfigurations = (
				DA82F5972C5A101F0090F159 /* Debug */,
				DA82F5982C5A101F0090F159 /* Release */,
			);
			defaultConfigurationIsVisible = 0;
			defaultConfigurationName = Release;
		};
/* End XCConfigurationList section */

/* Begin XCVersionGroup section */
		DA82F56F2C5A101D0090F159 /* iconfinder.xcdatamodeld */ = {
			isa = XCVersionGroup;
			children = (
				DA82F5702C5A101D0090F159 /* iconfinder.xcdatamodel */,
			);
			currentVersion = DA82F5702C5A101D0090F159 /* iconfinder.xcdatamodel */;
			path = iconfinder.xcdatamodeld;
			sourceTree = "<group>";
			versionGroupType = wrapper.xcdatamodel;
		};
/* End XCVersionGroup section */
	};
	rootObject = DA82F55B2C5A101C0090F159 /* Project object */;
}
